// !$*UTF8*$!
{
	archiveVersion = 1;
	classes = {
	};
	objectVersion = 56;
	objects = {

/* Begin PBXBuildFile section */
		C5E71C2B2A7A40A200095735 /* LandmarksApp.swift in Sources */ = {isa = PBXBuildFile; fileRef = C5E71C2A2A7A40A200095735 /* LandmarksApp.swift */; };
		C5E71C2D2A7A40A200095735 /* ContentView.swift in Sources */ = {isa = PBXBuildFile; fileRef = C5E71C2C2A7A40A200095735 /* ContentView.swift */; };
		C5E71C2F2A7A40A300095735 /* Assets.xcassets in Resources */ = {isa = PBXBuildFile; fileRef = C5E71C2E2A7A40A300095735 /* Assets.xcassets */; };
		C5E71C322A7A40A300095735 /* Preview Assets.xcassets in Resources */ = {isa = PBXBuildFile; fileRef = C5E71C312A7A40A300095735 /* Preview Assets.xcassets */; };
		C5E71C392A7A432A00095735 /* CircleImage.swift in Sources */ = {isa = PBXBuildFile; fileRef = C5E71C382A7A432A00095735 /* CircleImage.swift */; };
		C5E71C3B2A7A43C700095735 /* MapView.swift in Sources */ = {isa = PBXBuildFile; fileRef = C5E71C3A2A7A43C700095735 /* MapView.swift */; };
		C5E71C3D2A7A481900095735 /* landmarkData.json in Resources */ = {isa = PBXBuildFile; fileRef = C5E71C3C2A7A481900095735 /* landmarkData.json */; };
		C5E71C3F2A7A484700095735 /* Landmark.swift in Sources */ = {isa = PBXBuildFile; fileRef = C5E71C3E2A7A484700095735 /* Landmark.swift */; };
		C5E71C412A7A499700095735 /* ModelData.swift in Sources */ = {isa = PBXBuildFile; fileRef = C5E71C402A7A499700095735 /* ModelData.swift */; };
		C5E71C462A7A4B7F00095735 /* LandmarkRow.swift in Sources */ = {isa = PBXBuildFile; fileRef = C5E71C452A7A4B7F00095735 /* LandmarkRow.swift */; };
		C5E71C482A7A4CCE00095735 /* LandmarkList.swift in Sources */ = {isa = PBXBuildFile; fileRef = C5E71C472A7A4CCE00095735 /* LandmarkList.swift */; };
		C5E71C4A2A7A4D5F00095735 /* LandmarkDetail.swift in Sources */ = {isa = PBXBuildFile; fileRef = C5E71C492A7A4D5F00095735 /* LandmarkDetail.swift */; };
		C5E71C4C2A7A553E00095735 /* FavofiteButton.swift in Sources */ = {isa = PBXBuildFile; fileRef = C5E71C4B2A7A553E00095735 /* FavofiteButton.swift */; };
		C5E71C4E2A7A5B2B00095735 /* HexagonParameters.swift in Sources */ = {isa = PBXBuildFile; fileRef = C5E71C4D2A7A5B2B00095735 /* HexagonParameters.swift */; };
		C5E71C502A7A5C1C00095735 /* BadgeBackground.swift in Sources */ = {isa = PBXBuildFile; fileRef = C5E71C4F2A7A5C1C00095735 /* BadgeBackground.swift */; };
		C5E71C522A7A5F9900095735 /* BadgeSymbol.swift in Sources */ = {isa = PBXBuildFile; fileRef = C5E71C512A7A5F9900095735 /* BadgeSymbol.swift */; };
		C5E71C542A7A614400095735 /* RotatedBadgeSymbol.swift in Sources */ = {isa = PBXBuildFile; fileRef = C5E71C532A7A614400095735 /* RotatedBadgeSymbol.swift */; };
		C5E71C562A7A61A200095735 /* Badge.swift in Sources */ = {isa = PBXBuildFile; fileRef = C5E71C552A7A61A200095735 /* Badge.swift */; };
/* End PBXBuildFile section */

/* Begin PBXFileReference section */
		C5E71C272A7A40A200095735 /* Landmarks.app */ = {isa = PBXFileReference; explicitFileType = wrapper.application; includeInIndex = 0; path = Landmarks.app; sourceTree = BUILT_PRODUCTS_DIR; };
		C5E71C2A2A7A40A200095735 /* LandmarksApp.swift */ = {isa = PBXFileReference; lastKnownFileType = sourcecode.swift; path = LandmarksApp.swift; sourceTree = "<group>"; };
		C5E71C2C2A7A40A200095735 /* ContentView.swift */ = {isa = PBXFileReference; lastKnownFileType = sourcecode.swift; path = ContentView.swift; sourceTree = "<group>"; };
		C5E71C2E2A7A40A300095735 /* Assets.xcassets */ = {isa = PBXFileReference; lastKnownFileType = folder.assetcatalog; path = Assets.xcassets; sourceTree = "<group>"; };
		C5E71C312A7A40A300095735 /* Preview Assets.xcassets */ = {isa = PBXFileReference; lastKnownFileType = folder.assetcatalog; path = "Preview Assets.xcassets"; sourceTree = "<group>"; };
		C5E71C382A7A432A00095735 /* CircleImage.swift */ = {isa = PBXFileReference; lastKnownFileType = sourcecode.swift; path = CircleImage.swift; sourceTree = "<group>"; };
		C5E71C3A2A7A43C700095735 /* MapView.swift */ = {isa = PBXFileReference; lastKnownFileType = sourcecode.swift; path = MapView.swift; sourceTree = "<group>"; };
		C5E71C3C2A7A481900095735 /* landmarkData.json */ = {isa = PBXFileReference; fileEncoding = 4; lastKnownFileType = text.json; path = landmarkData.json; sourceTree = "<group>"; };
		C5E71C3E2A7A484700095735 /* Landmark.swift */ = {isa = PBXFileReference; lastKnownFileType = sourcecode.swift; path = Landmark.swift; sourceTree = "<group>"; };
		C5E71C402A7A499700095735 /* ModelData.swift */ = {isa = PBXFileReference; lastKnownFileType = sourcecode.swift; path = ModelData.swift; sourceTree = "<group>"; };
		C5E71C452A7A4B7F00095735 /* LandmarkRow.swift */ = {isa = PBXFileReference; lastKnownFileType = sourcecode.swift; path = LandmarkRow.swift; sourceTree = "<group>"; };
		C5E71C472A7A4CCE00095735 /* LandmarkList.swift */ = {isa = PBXFileReference; lastKnownFileType = sourcecode.swift; path = LandmarkList.swift; sourceTree = "<group>"; };
		C5E71C492A7A4D5F00095735 /* LandmarkDetail.swift */ = {isa = PBXFileReference; lastKnownFileType = sourcecode.swift; path = LandmarkDetail.swift; sourceTree = "<group>"; };
		C5E71C4B2A7A553E00095735 /* FavofiteButton.swift */ = {isa = PBXFileReference; lastKnownFileType = sourcecode.swift; path = FavofiteButton.swift; sourceTree = "<group>"; };
		C5E71C4D2A7A5B2B00095735 /* HexagonParameters.swift */ = {isa = PBXFileReference; lastKnownFileType = sourcecode.swift; path = HexagonParameters.swift; sourceTree = "<group>"; };
		C5E71C4F2A7A5C1C00095735 /* BadgeBackground.swift */ = {isa = PBXFileReference; lastKnownFileType = sourcecode.swift; path = BadgeBackground.swift; sourceTree = "<group>"; };
		C5E71C512A7A5F9900095735 /* BadgeSymbol.swift */ = {isa = PBXFileReference; lastKnownFileType = sourcecode.swift; path = BadgeSymbol.swift; sourceTree = "<group>"; };
		C5E71C532A7A614400095735 /* RotatedBadgeSymbol.swift */ = {isa = PBXFileReference; lastKnownFileType = sourcecode.swift; path = RotatedBadgeSymbol.swift; sourceTree = "<group>"; };
		C5E71C552A7A61A200095735 /* Badge.swift */ = {isa = PBXFileReference; lastKnownFileType = sourcecode.swift; path = Badge.swift; sourceTree = "<group>"; };
/* End PBXFileReference section */

/* Begin PBXFrameworksBuildPhase section */
		C5E71C242A7A40A200095735 /* Frameworks */ = {
			isa = PBXFrameworksBuildPhase;
			buildActionMask = 2147483647;
			files = (
			);
			runOnlyForDeploymentPostprocessing = 0;
		};
/* End PBXFrameworksBuildPhase section */

/* Begin PBXGroup section */
		C5E71C1E2A7A40A200095735 = {
			isa = PBXGroup;
			children = (
				C5E71C292A7A40A200095735 /* Landmarks */,
				C5E71C282A7A40A200095735 /* Products */,
			);
			sourceTree = "<group>";
		};
		C5E71C282A7A40A200095735 /* Products */ = {
			isa = PBXGroup;
			children = (
				C5E71C272A7A40A200095735 /* Landmarks.app */,
			);
			name = Products;
			sourceTree = "<group>";
		};
		C5E71C292A7A40A200095735 /* Landmarks */ = {
			isa = PBXGroup;
			children = (
				C5E71C572A7A62FF00095735 /* Badges */,
				C5E71C442A7A4B4800095735 /* Resources */,
				C5E71C432A7A4B3400095735 /* Model */,
				C5E71C422A7A4B2100095735 /* Views */,
				C5E71C2A2A7A40A200095735 /* LandmarksApp.swift */,
				C5E71C2E2A7A40A300095735 /* Assets.xcassets */,
				C5E71C302A7A40A300095735 /* Preview Content */,
			);
			path = Landmarks;
			sourceTree = "<group>";
		};
		C5E71C302A7A40A300095735 /* Preview Content */ = {
			isa = PBXGroup;
			children = (
				C5E71C312A7A40A300095735 /* Preview Assets.xcassets */,
			);
			path = "Preview Content";
			sourceTree = "<group>";
		};
		C5E71C422A7A4B2100095735 /* Views */ = {
			isa = PBXGroup;
			children = (
				C5E71C382A7A432A00095735 /* CircleImage.swift */,
				C5E71C452A7A4B7F00095735 /* LandmarkRow.swift */,
				C5E71C3A2A7A43C700095735 /* MapView.swift */,
				C5E71C2C2A7A40A200095735 /* ContentView.swift */,
				C5E71C472A7A4CCE00095735 /* LandmarkList.swift */,
				C5E71C492A7A4D5F00095735 /* LandmarkDetail.swift */,
				C5E71C4B2A7A553E00095735 /* FavofiteButton.swift */,
			);
			path = Views;
			sourceTree = "<group>";
		};
		C5E71C432A7A4B3400095735 /* Model */ = {
			isa = PBXGroup;
			children = (
				C5E71C3E2A7A484700095735 /* Landmark.swift */,
				C5E71C402A7A499700095735 /* ModelData.swift */,
				C5E71C4D2A7A5B2B00095735 /* HexagonParameters.swift */,
			);
			path = Model;
			sourceTree = "<group>";
		};
		C5E71C442A7A4B4800095735 /* Resources */ = {
			isa = PBXGroup;
			children = (
				C5E71C3C2A7A481900095735 /* landmarkData.json */,
			);
			path = Resources;
			sourceTree = "<group>";
		};
		C5E71C572A7A62FF00095735 /* Badges */ = {
			isa = PBXGroup;
			children = (
				C5E71C4F2A7A5C1C00095735 /* BadgeBackground.swift */,
				C5E71C512A7A5F9900095735 /* BadgeSymbol.swift */,
				C5E71C532A7A614400095735 /* RotatedBadgeSymbol.swift */,
				C5E71C552A7A61A200095735 /* Badge.swift */,
			);
			path = Badges;
			sourceTree = "<group>";
		};
/* End PBXGroup section */

/* Begin PBXNativeTarget section */
		C5E71C262A7A40A200095735 /* Landmarks */ = {
			isa = PBXNativeTarget;
			buildConfigurationList = C5E71C352A7A40A300095735 /* Build configuration list for PBXNativeTarget "Landmarks" */;
			buildPhases = (
				C5E71C232A7A40A200095735 /* Sources */,
				C5E71C242A7A40A200095735 /* Frameworks */,
				C5E71C252A7A40A200095735 /* Resources */,
			);
			buildRules = (
			);
			dependencies = (
			);
			name = Landmarks;
			productName = Landmarks;
			productReference = C5E71C272A7A40A200095735 /* Landmarks.app */;
			productType = "com.apple.product-type.application";
		};
/* End PBXNativeTarget section */

/* Begin PBXProject section */
		C5E71C1F2A7A40A200095735 /* Project object */ = {
			isa = PBXProject;
			attributes = {
				BuildIndependentTargetsInParallel = 1;
				LastSwiftUpdateCheck = 1430;
				LastUpgradeCheck = 1430;
				TargetAttributes = {
					C5E71C262A7A40A200095735 = {
						CreatedOnToolsVersion = 14.3.1;
					};
				};
			};
			buildConfigurationList = C5E71C222A7A40A200095735 /* Build configuration list for PBXProject "Landmarks" */;
			compatibilityVersion = "Xcode 14.0";
			developmentRegion = en;
			hasScannedForEncodings = 0;
			knownRegions = (
				en,
				Base,
			);
			mainGroup = C5E71C1E2A7A40A200095735;
			productRefGroup = C5E71C282A7A40A200095735 /* Products */;
			projectDirPath = "";
			projectRoot = "";
			targets = (
				C5E71C262A7A40A200095735 /* Landmarks */,
			);
		};
/* End PBXProject section */

/* Begin PBXResourcesBuildPhase section */
		C5E71C252A7A40A200095735 /* Resources */ = {
			isa = PBXResourcesBuildPhase;
			buildActionMask = 2147483647;
			files = (
				C5E71C322A7A40A300095735 /* Preview Assets.xcassets in Resources */,
				C5E71C2F2A7A40A300095735 /* Assets.xcassets in Resources */,
				C5E71C3D2A7A481900095735 /* landmarkData.json in Resources */,
			);
			runOnlyForDeploymentPostprocessing = 0;
		};
/* End PBXResourcesBuildPhase section */

/* Begin PBXSourcesBuildPhase section */
		C5E71C232A7A40A200095735 /* Sources */ = {
			isa = PBXSourcesBuildPhase;
			buildActionMask = 2147483647;
			files = (
				C5E71C2D2A7A40A200095735 /* ContentView.swift in Sources */,
				C5E71C562A7A61A200095735 /* Badge.swift in Sources */,
				C5E71C4C2A7A553E00095735 /* FavofiteButton.swift in Sources */,
				C5E71C3B2A7A43C700095735 /* MapView.swift in Sources */,
				C5E71C2B2A7A40A200095735 /* LandmarksApp.swift in Sources */,
				C5E71C4E2A7A5B2B00095735 /* HexagonParameters.swift in Sources */,
				C5E71C542A7A614400095735 /* RotatedBadgeSymbol.swift in Sources */,
				C5E71C522A7A5F9900095735 /* BadgeSymbol.swift in Sources */,
				C5E71C482A7A4CCE00095735 /* LandmarkList.swift in Sources */,
				C5E71C4A2A7A4D5F00095735 /* LandmarkDetail.swift in Sources */,
				C5E71C502A7A5C1C00095735 /* BadgeBackground.swift in Sources */,
				C5E71C392A7A432A00095735 /* CircleImage.swift in Sources */,
				C5E71C3F2A7A484700095735 /* Landmark.swift in Sources */,
				C5E71C462A7A4B7F00095735 /* LandmarkRow.swift in Sources */,
				C5E71C412A7A499700095735 /* ModelData.swift in Sources */,
			);
			runOnlyForDeploymentPostprocessing = 0;
		};
/* End PBXSourcesBuildPhase section */

/* Begin XCBuildConfiguration section */
		C5E71C332A7A40A300095735 /* Debug */ = {
			isa = XCBuildConfiguration;
			buildSettings = {
				ALWAYS_SEARCH_USER_PATHS = NO;
				CLANG_ANALYZER_NONNULL = YES;
				CLANG_ANALYZER_NUMBER_OBJECT_CONVERSION = YES_AGGRESSIVE;
				CLANG_CXX_LANGUAGE_STANDARD = "gnu++20";
				CLANG_ENABLE_MODULES = YES;
				CLANG_ENABLE_OBJC_ARC = YES;
				CLANG_ENABLE_OBJC_WEAK = YES;
				CLANG_WARN_BLOCK_CAPTURE_AUTORELEASING = YES;
				CLANG_WARN_BOOL_CONVERSION = YES;
				CLANG_WARN_COMMA = YES;
				CLANG_WARN_CONSTANT_CONVERSION = YES;
				CLANG_WARN_DEPRECATED_OBJC_IMPLEMENTATIONS = YES;
				CLANG_WARN_DIRECT_OBJC_ISA_USAGE = YES_ERROR;
				CLANG_WARN_DOCUMENTATION_COMMENTS = YES;
				CLANG_WARN_EMPTY_BODY = YES;
				CLANG_WARN_ENUM_CONVERSION = YES;
				CLANG_WARN_INFINITE_RECURSION = YES;
				CLANG_WARN_INT_CONVERSION = YES;
				CLANG_WARN_NON_LITERAL_NULL_CONVERSION = YES;
				CLANG_WARN_OBJC_IMPLICIT_RETAIN_SELF = YES;
				CLANG_WARN_OBJC_LITERAL_CONVERSION = YES;
				CLANG_WARN_OBJC_ROOT_CLASS = YES_ERROR;
				CLANG_WARN_QUOTED_INCLUDE_IN_FRAMEWORK_HEADER = YES;
				CLANG_WARN_RANGE_LOOP_ANALYSIS = YES;
				CLANG_WARN_STRICT_PROTOTYPES = YES;
				CLANG_WARN_SUSPICIOUS_MOVE = YES;
				CLANG_WARN_UNGUARDED_AVAILABILITY = YES_AGGRESSIVE;
				CLANG_WARN_UNREACHABLE_CODE = YES;
				CLANG_WARN__DUPLICATE_METHOD_MATCH = YES;
				COPY_PHASE_STRIP = NO;
				DEBUG_INFORMATION_FORMAT = dwarf;
				ENABLE_STRICT_OBJC_MSGSEND = YES;
				ENABLE_TESTABILITY = YES;
				GCC_C_LANGUAGE_STANDARD = gnu11;
				GCC_DYNAMIC_NO_PIC = NO;
				GCC_NO_COMMON_BLOCKS = YES;
				GCC_OPTIMIZATION_LEVEL = 0;
				GCC_PREPROCESSOR_DEFINITIONS = (
					"DEBUG=1",
					"$(inherited)",
				);
				GCC_WARN_64_TO_32_BIT_CONVERSION = YES;
				GCC_WARN_ABOUT_RETURN_TYPE = YES_ERROR;
				GCC_WARN_UNDECLARED_SELECTOR = YES;
				GCC_WARN_UNINITIALIZED_AUTOS = YES_AGGRESSIVE;
				GCC_WARN_UNUSED_FUNCTION = YES;
				GCC_WARN_UNUSED_VARIABLE = YES;
				IPHONEOS_DEPLOYMENT_TARGET = 16.4;
				MTL_ENABLE_DEBUG_INFO = INCLUDE_SOURCE;
				MTL_FAST_MATH = YES;
				ONLY_ACTIVE_ARCH = YES;
				SDKROOT = iphoneos;
				SWIFT_ACTIVE_COMPILATION_CONDITIONS = DEBUG;
				SWIFT_OPTIMIZATION_LEVEL = "-Onone";
			};
			name = Debug;
		};
		C5E71C342A7A40A300095735 /* Release */ = {
			isa = XCBuildConfiguration;
			buildSettings = {
				ALWAYS_SEARCH_USER_PATHS = NO;
				CLANG_ANALYZER_NONNULL = YES;
				CLANG_ANALYZER_NUMBER_OBJECT_CONVERSION = YES_AGGRESSIVE;
				CLANG_CXX_LANGUAGE_STANDARD = "gnu++20";
				CLANG_ENABLE_MODULES = YES;
				CLANG_ENABLE_OBJC_ARC = YES;
				CLANG_ENABLE_OBJC_WEAK = YES;
				CLANG_WARN_BLOCK_CAPTURE_AUTORELEASING = YES;
				CLANG_WARN_BOOL_CONVERSION = YES;
				CLANG_WARN_COMMA = YES;
				CLANG_WARN_CONSTANT_CONVERSION = YES;
				CLANG_WARN_DEPRECATED_OBJC_IMPLEMENTATIONS = YES;
				CLANG_WARN_DIRECT_OBJC_ISA_USAGE = YES_ERROR;
				CLANG_WARN_DOCUMENTATION_COMMENTS = YES;
				CLANG_WARN_EMPTY_BODY = YES;
				CLANG_WARN_ENUM_CONVERSION = YES;
				CLANG_WARN_INFINITE_RECURSION = YES;
				CLANG_WARN_INT_CONVERSION = YES;
				CLANG_WARN_NON_LITERAL_NULL_CONVERSION = YES;
				CLANG_WARN_OBJC_IMPLICIT_RETAIN_SELF = YES;
				CLANG_WARN_OBJC_LITERAL_CONVERSION = YES;
				CLANG_WARN_OBJC_ROOT_CLASS = YES_ERROR;
				CLANG_WARN_QUOTED_INCLUDE_IN_FRAMEWORK_HEADER = YES;
				CLANG_WARN_RANGE_LOOP_ANALYSIS = YES;
				CLANG_WARN_STRICT_PROTOTYPES = YES;
				CLANG_WARN_SUSPICIOUS_MOVE = YES;
				CLANG_WARN_UNGUARDED_AVAILABILITY = YES_AGGRESSIVE;
				CLANG_WARN_UNREACHABLE_CODE = YES;
				CLANG_WARN__DUPLICATE_METHOD_MATCH = YES;
				COPY_PHASE_STRIP = NO;
				DEBUG_INFORMATION_FORMAT = "dwarf-with-dsym";
				ENABLE_NS_ASSERTIONS = NO;
				ENABLE_STRICT_OBJC_MSGSEND = YES;
				GCC_C_LANGUAGE_STANDARD = gnu11;
				GCC_NO_COMMON_BLOCKS = YES;
				GCC_WARN_64_TO_32_BIT_CONVERSION = YES;
				GCC_WARN_ABOUT_RETURN_TYPE = YES_ERROR;
				GCC_WARN_UNDECLARED_SELECTOR = YES;
				GCC_WARN_UNINITIALIZED_AUTOS = YES_AGGRESSIVE;
				GCC_WARN_UNUSED_FUNCTION = YES;
				GCC_WARN_UNUSED_VARIABLE = YES;
				IPHONEOS_DEPLOYMENT_TARGET = 16.4;
				MTL_ENABLE_DEBUG_INFO = NO;
				MTL_FAST_MATH = YES;
				SDKROOT = iphoneos;
				SWIFT_COMPILATION_MODE = wholemodule;
				SWIFT_OPTIMIZATION_LEVEL = "-O";
				VALIDATE_PRODUCT = YES;
			};
			name = Release;
		};
		C5E71C362A7A40A300095735 /* Debug */ = {
			isa = XCBuildConfiguration;
			buildSettings = {
				ASSETCATALOG_COMPILER_APPICON_NAME = AppIcon;
				ASSETCATALOG_COMPILER_GLOBAL_ACCENT_COLOR_NAME = AccentColor;
				CODE_SIGN_STYLE = Automatic;
				CURRENT_PROJECT_VERSION = 1;
				DEVELOPMENT_ASSET_PATHS = "\"Landmarks/Preview Content\"";
				ENABLE_PREVIEWS = YES;
				GENERATE_INFOPLIST_FILE = YES;
				INFOPLIST_KEY_UIApplicationSceneManifest_Generation = YES;
				INFOPLIST_KEY_UIApplicationSupportsIndirectInputEvents = YES;
				INFOPLIST_KEY_UILaunchScreen_Generation = YES;
				INFOPLIST_KEY_UISupportedInterfaceOrientations_iPad = "UIInterfaceOrientationPortrait UIInterfaceOrientationPortraitUpsideDown UIInterfaceOrientationLandscapeLeft UIInterfaceOrientationLandscapeRight";
				INFOPLIST_KEY_UISupportedInterfaceOrientations_iPhone = "UIInterfaceOrientationPortrait UIInterfaceOrientationLandscapeLeft UIInterfaceOrientationLandscapeRight";
				LD_RUNPATH_SEARCH_PATHS = (
					"$(inherited)",
					"@executable_path/Frameworks",
				);
				MARKETING_VERSION = 1.0;
				PRODUCT_BUNDLE_IDENTIFIER = com.hsc.Landmarks;
				PRODUCT_NAME = "$(TARGET_NAME)";
				SWIFT_EMIT_LOC_STRINGS = YES;
				SWIFT_VERSION = 5.0;
				TARGETED_DEVICE_FAMILY = "1,2";
			};
			name = Debug;
		};
		C5E71C372A7A40A300095735 /* Release */ = {
			isa = XCBuildConfiguration;
			buildSettings = {
				ASSETCATALOG_COMPILER_APPICON_NAME = AppIcon;
				ASSETCATALOG_COMPILER_GLOBAL_ACCENT_COLOR_NAME = AccentColor;
				CODE_SIGN_STYLE = Automatic;
				CURRENT_PROJECT_VERSION = 1;
				DEVELOPMENT_ASSET_PATHS = "\"Landmarks/Preview Content\"";
				ENABLE_PREVIEWS = YES;
				GENERATE_INFOPLIST_FILE = YES;
				INFOPLIST_KEY_UIApplicationSceneManifest_Generation = YES;
				INFOPLIST_KEY_UIApplicationSupportsIndirectInputEvents = YES;
				INFOPLIST_KEY_UILaunchScreen_Generation = YES;
				INFOPLIST_KEY_UISupportedInterfaceOrientations_iPad = "UIInterfaceOrientationPortrait UIInterfaceOrientationPortraitUpsideDown UIInterfaceOrientationLandscapeLeft UIInterfaceOrientationLandscapeRight";
				INFOPLIST_KEY_UISupportedInterfaceOrientations_iPhone = "UIInterfaceOrientationPortrait UIInterfaceOrientationLandscapeLeft UIInterfaceOrientationLandscapeRight";
				LD_RUNPATH_SEARCH_PATHS = (
					"$(inherited)",
					"@executable_path/Frameworks",
				);
				MARKETING_VERSION = 1.0;
				PRODUCT_BUNDLE_IDENTIFIER = com.hsc.Landmarks;
				PRODUCT_NAME = "$(TARGET_NAME)";
				SWIFT_EMIT_LOC_STRINGS = YES;
				SWIFT_VERSION = 5.0;
				TARGETED_DEVICE_FAMILY = "1,2";
			};
			name = Release;
		};
/* End XCBuildConfiguration section */

/* Begin XCConfigurationList section */
		C5E71C222A7A40A200095735 /* Build configuration list for PBXProject "Landmarks" */ = {
			isa = XCConfigurationList;
			buildConfigurations = (
				C5E71C332A7A40A300095735 /* Debug */,
				C5E71C342A7A40A300095735 /* Release */,
			);
			defaultConfigurationIsVisible = 0;
			defaultConfigurationName = Release;
		};
		C5E71C352A7A40A300095735 /* Build configuration list for PBXNativeTarget "Landmarks" */ = {
			isa = XCConfigurationList;
			buildConfigurations = (
				C5E71C362A7A40A300095735 /* Debug */,
				C5E71C372A7A40A300095735 /* Release */,
			);
			defaultConfigurationIsVisible = 0;
			defaultConfigurationName = Release;
		};
/* End XCConfigurationList section */
	};
	rootObject = C5E71C1F2A7A40A200095735 /* Project object */;
}
